{
  "nodes": {
    "nixCats": {
      "locked": {
        "lastModified": 1735318798,
        "narHash": "sha256-x1hq2uimNBQtYtkaJ4KODKQmdbAYvnd1hoxRyyPekWE=",
        "owner": "BirdeeHub",
        "repo": "nixCats-nvim",
        "rev": "58a8782879f926192b06b95f75538618456062ae",
        "type": "github"
      },
      "original": {
        "owner": "BirdeeHub",
        "repo": "nixCats-nvim",
        "type": "github"
      }
    },
    "nixpkgs": {
      "locked": {
        "lastModified": 1735268880,
        "narHash": "sha256-7QEFnKkzD13SPxs+UFR5bUFN2fRw+GlL0am72ZjNre4=",
        "owner": "nixos",
        "repo": "nixpkgs",
        "rev": "7cc0bff31a3a705d3ac4fdceb030a17239412210",
        "type": "github"
      },
      "original": {
        "owner": "nixos",
        "ref": "nixpkgs-unstable",
        "repo": "nixpkgs",
        "type": "github"
      }
    },
    "plugins-blink-ripgrep": {
      "flake": false,
      "locked": {
        "lastModified": 1735411615,
        "narHash": "sha256-V3Tf8bPpO7KjP/AwcgYjMZdTejydvBx/t33H3+wsNLo=",
        "owner": "mikavilpas",
        "repo": "blink-ripgrep.nvim",
        "rev": "f4d9460a3552c735c7835a545ce32125610c1ce5",
        "type": "github"
      },
      "original": {
        "owner": "mikavilpas",
        "repo": "blink-ripgrep.nvim",
        "type": "github"
      }
    },
    "root": {
      "inputs": {
        "nixCats": "nixCats",
        "nixpkgs": "nixpkgs",
        "plugins-blink-ripgrep": "plugins-blink-ripgrep"
      }
    }
  },
  "root": "root",
  "version": 7
}
