{
  "nodes": {
    "nixCats": {
      "locked": {
        "lastModified": 1737200564,
        "narHash": "sha256-lU59WUi3zxCJfbNt7xMRQR16LfJGcNHDDU/CtFQl2EQ=",
        "owner": "BirdeeHub",
        "repo": "nixCats-nvim",
        "rev": "60fe6f3ba2631c315910c9e411c3e5408175e840",
        "type": "github"
      },
      "original": {
        "owner": "BirdeeHub",
        "repo": "nixCats-nvim",
        "type": "github"
      }
    },
    "nixpkgs": {
      "locked": {
        "lastModified": 1737003892,
        "narHash": "sha256-RCzJE9wKByLCXmRBp+z8LK9EgdW+K+W/DXnJS4S/NVo=",
        "owner": "nixos",
        "repo": "nixpkgs",
        "rev": "ae06b9c2d83cb5c8b12d7d0e32692e93d1379713",
        "type": "github"
      },
      "original": {
        "owner": "nixos",
        "ref": "nixpkgs-unstable",
        "repo": "nixpkgs",
        "type": "github"
      }
    },
    "plugins-blink-ripgrep": {
      "flake": false,
      "locked": {
        "lastModified": 1737014200,
        "narHash": "sha256-i8F3CBUyvDIXqOoiUP3DrKhA0/SGAhn3Y4FdAtAJz0Q=",
        "owner": "mikavilpas",
        "repo": "blink-ripgrep.nvim",
        "rev": "d93f97412462ab34d16fc04fe43b0a6170cc3834",
        "type": "github"
      },
      "original": {
        "owner": "mikavilpas",
        "repo": "blink-ripgrep.nvim",
        "type": "github"
      }
    },
    "plugins-pomo-nvim": {
      "flake": false,
      "locked": {
        "lastModified": 1722376269,
        "narHash": "sha256-tJ2TrypKnCnQm+6FDjX0KDr+UNoBBVvGIm+uWJtpNLc=",
        "owner": "epwalsh",
        "repo": "pomo.nvim",
        "rev": "aa8decc421d89be0f10b1fc6a602cdd269f350ff",
        "type": "github"
      },
      "original": {
        "owner": "epwalsh",
        "repo": "pomo.nvim",
        "type": "github"
      }
    },
    "root": {
      "inputs": {
        "nixCats": "nixCats",
        "nixpkgs": "nixpkgs",
        "plugins-blink-ripgrep": "plugins-blink-ripgrep",
        "plugins-pomo-nvim": "plugins-pomo-nvim"
      }
    }
  },
  "root": "root",
  "version": 7
}
