{
  "nodes": {
    "nixCats": {
      "locked": {
        "lastModified": 1770584904,
        "narHash": "sha256-9Zaz8lbKF2W9pwXZEnbiGsicHdBoU+dHt3Wv3mCJoZ8=",
        "owner": "BirdeeHub",
        "repo": "nixCats-nvim",
        "rev": "538fdde784d2909700d97a8ef307783b33a86fb1",
        "type": "github"
      },
      "original": {
        "owner": "BirdeeHub",
        "repo": "nixCats-nvim",
        "type": "github"
      }
    },
    "nixpkgs": {
      "locked": {
        "lastModified": 1772173633,
        "narHash": "sha256-MOH58F4AIbCkh6qlQcwMycyk5SWvsqnS/TCfnqDlpj4=",
        "owner": "nixos",
        "repo": "nixpkgs",
        "rev": "c0f3d81a7ddbc2b1332be0d8481a672b4f6004d6",
        "type": "github"
      },
      "original": {
        "owner": "nixos",
        "ref": "nixpkgs-unstable",
        "repo": "nixpkgs",
        "type": "github"
      }
    },
    "plugins-treesitter-modules": {
      "flake": false,
      "locked": {
        "lastModified": 1770319815,
        "narHash": "sha256-sk/lVkcRpnXL93CGmhtsilFz3lCZa9IzjI7+HeesJxg=",
        "owner": "MeanderingProgrammer",
        "repo": "treesitter-modules.nvim",
        "rev": "0cc09da40061051b0186479203faa75052cddab6",
        "type": "github"
      },
      "original": {
        "owner": "MeanderingProgrammer",
        "repo": "treesitter-modules.nvim",
        "type": "github"
      }
    },
    "root": {
      "inputs": {
        "nixCats": "nixCats",
        "nixpkgs": "nixpkgs",
        "plugins-treesitter-modules": "plugins-treesitter-modules"
      }
    }
  },
  "root": "root",
  "version": 7
}
